
Microsoft Visual Studio Solution File, Format Version 12.00
# Visual Studio 2013
VisualStudioVersion = 12.0.40629.0
MinimumVisualStudioVersion = 10.0.40219.1
Project("{8BC9CEB8-8B4A-11D0-8D11-00A0C91BC942}") = "FIME", "FIME.vcxproj", "{FDCDF431-DDEE-4E17-9C88-21713B7CDA1A}"
EndProject
Project("{2150E333-8FDC-42A3-9474-1A3956D46DE8}") = "Solution Items", "Solution Items", "{744E91F4-4B89-413F-8A30-0AFF72CE6D31}"
	ProjectSection(SolutionItems) = preProject
		LICENSE.txt = LICENSE.txt
		README.md = README.md
	EndProjectSection
EndProject
Global
	GlobalSection(SolutionConfigurationPlatforms) = preSolution
		Debug|Win32 = Debug|Win32
		Debug|x64 = Debug|x64
		Release|Win32 = Release|Win32
		Release|x64 = Release|x64
	EndGlobalSection
	GlobalSection(ProjectConfigurationPlatforms) = postSolution
		{FDCDF431-DDEE-4E17-9C88-21713B7CDA1A}.Debug|Win32.ActiveCfg = Debug|Win32
		{FDCDF431-DDEE-4E17-9C88-21713B7CDA1A}.Debug|Win32.Build.0 = Debug|Win32
		{FDCDF431-DDEE-4E17-9C88-21713B7CDA1A}.Debug|x64.ActiveCfg = Debug|x64
		{FDCDF431-DDEE-4E17-9C88-21713B7CDA1A}.Debug|x64.Build.0 = Debug|x64
		{FDCDF431-DDEE-4E17-9C88-21713B7CDA1A}.Release|Win32.ActiveCfg = Release|Win32
		{FDCDF431-DDEE-4E17-9C88-21713B7CDA1A}.Release|Win32.Build.0 = Release|Win32
		{FDCDF431-DDEE-4E17-9C88-21713B7CDA1A}.Release|x64.ActiveCfg = Release|x64
		{FDCDF431-DDEE-4E17-9C88-21713B7CDA1A}.Release|x64.Build.0 = Release|x64
	EndGlobalSection
	GlobalSection(SolutionProperties) = preSolution
		HideSolutionNode = FALSE
	EndGlobalSection
EndGlobal
