
Microsoft Visual Studio Solution File, Format Version 12.00
# Visual Studio 2013
VisualStudioVersion = 12.0.40629.0
MinimumVisualStudioVersion = 10.0.40219.1
Project("{8BC9CEB8-8B4A-11D0-8D11-00A0C91BC942}") = "FIME_DLL", "FIME_DLL\FIME_DLL.vcxproj", "{18A15463-2F00-40FA-B5A2-D3467AF4011D}"
EndProject
Project("{FAE04EC0-301F-11D3-BF4B-00C04F79EFBC}") = "FIME", "FIME\FIME.csproj", "{24961775-A57E-4D29-AA33-4DF519322371}"
	ProjectSection(ProjectDependencies) = postProject
		{18A15463-2F00-40FA-B5A2-D3467AF4011D} = {18A15463-2F00-40FA-B5A2-D3467AF4011D}
	EndProjectSection
EndProject
Project("{2150E333-8FDC-42A3-9474-1A3956D46DE8}") = "Solution Items", "Solution Items", "{A8BCF591-EE6E-435D-946A-0B3584A948E2}"
	ProjectSection(SolutionItems) = preProject
		LICENSE.txt = LICENSE.txt
		README.md = README.md
	EndProjectSection
EndProject
Project("{8BC9CEB8-8B4A-11D0-8D11-00A0C91BC942}") = "FIMEC", "FIME_\FIMEC.vcxproj", "{92D65A33-C320-4ACE-BDAA-6C5B05A18914}"
EndProject
Project("{8BC9CEB8-8B4A-11D0-8D11-00A0C91BC942}") = "AutoFIME", "AutoFIME\AutoFIME.vcxproj", "{F9D5C138-9F3B-401B-876B-B8092D0FB9B7}"
	ProjectSection(ProjectDependencies) = postProject
		{92D65A33-C320-4ACE-BDAA-6C5B05A18914} = {92D65A33-C320-4ACE-BDAA-6C5B05A18914}
		{18A15463-2F00-40FA-B5A2-D3467AF4011D} = {18A15463-2F00-40FA-B5A2-D3467AF4011D}
		{24961775-A57E-4D29-AA33-4DF519322371} = {24961775-A57E-4D29-AA33-4DF519322371}
	EndProjectSection
EndProject
Global
	GlobalSection(SolutionConfigurationPlatforms) = preSolution
		Debug|Win32 = Debug|Win32
		Debug|x64 = Debug|x64
		Release|Win32 = Release|Win32
		Release|x64 = Release|x64
	EndGlobalSection
	GlobalSection(ProjectConfigurationPlatforms) = postSolution
		{18A15463-2F00-40FA-B5A2-D3467AF4011D}.Debug|Win32.ActiveCfg = Release|Win32
		{18A15463-2F00-40FA-B5A2-D3467AF4011D}.Debug|Win32.Build.0 = Release|Win32
		{18A15463-2F00-40FA-B5A2-D3467AF4011D}.Debug|x64.ActiveCfg = Release|x64
		{18A15463-2F00-40FA-B5A2-D3467AF4011D}.Debug|x64.Build.0 = Release|x64
		{18A15463-2F00-40FA-B5A2-D3467AF4011D}.Release|Win32.ActiveCfg = Release|Win32
		{18A15463-2F00-40FA-B5A2-D3467AF4011D}.Release|Win32.Build.0 = Release|Win32
		{18A15463-2F00-40FA-B5A2-D3467AF4011D}.Release|x64.ActiveCfg = Release|x64
		{18A15463-2F00-40FA-B5A2-D3467AF4011D}.Release|x64.Build.0 = Release|x64
		{24961775-A57E-4D29-AA33-4DF519322371}.Debug|Win32.ActiveCfg = Debug|Any CPU
		{24961775-A57E-4D29-AA33-4DF519322371}.Debug|Win32.Build.0 = Debug|Any CPU
		{24961775-A57E-4D29-AA33-4DF519322371}.Debug|x64.ActiveCfg = Debug|Any CPU
		{24961775-A57E-4D29-AA33-4DF519322371}.Debug|x64.Build.0 = Debug|Any CPU
		{24961775-A57E-4D29-AA33-4DF519322371}.Release|Win32.ActiveCfg = Release|Any CPU
		{24961775-A57E-4D29-AA33-4DF519322371}.Release|Win32.Build.0 = Release|Any CPU
		{24961775-A57E-4D29-AA33-4DF519322371}.Release|x64.ActiveCfg = Release|Any CPU
		{24961775-A57E-4D29-AA33-4DF519322371}.Release|x64.Build.0 = Release|Any CPU
		{92D65A33-C320-4ACE-BDAA-6C5B05A18914}.Debug|Win32.ActiveCfg = Release|Win32
		{92D65A33-C320-4ACE-BDAA-6C5B05A18914}.Debug|x64.ActiveCfg = Release|x64
		{92D65A33-C320-4ACE-BDAA-6C5B05A18914}.Release|Win32.ActiveCfg = Release|Win32
		{92D65A33-C320-4ACE-BDAA-6C5B05A18914}.Release|x64.ActiveCfg = Release|x64
		{F9D5C138-9F3B-401B-876B-B8092D0FB9B7}.Debug|Win32.ActiveCfg = Release|Win32
		{F9D5C138-9F3B-401B-876B-B8092D0FB9B7}.Debug|Win32.Build.0 = Release|Win32
		{F9D5C138-9F3B-401B-876B-B8092D0FB9B7}.Debug|x64.ActiveCfg = Release|x64
		{F9D5C138-9F3B-401B-876B-B8092D0FB9B7}.Debug|x64.Build.0 = Release|x64
		{F9D5C138-9F3B-401B-876B-B8092D0FB9B7}.Release|Win32.ActiveCfg = Release|Win32
		{F9D5C138-9F3B-401B-876B-B8092D0FB9B7}.Release|Win32.Build.0 = Release|Win32
		{F9D5C138-9F3B-401B-876B-B8092D0FB9B7}.Release|x64.ActiveCfg = Release|x64
		{F9D5C138-9F3B-401B-876B-B8092D0FB9B7}.Release|x64.Build.0 = Release|x64
	EndGlobalSection
	GlobalSection(SolutionProperties) = preSolution
		HideSolutionNode = FALSE
	EndGlobalSection
EndGlobal
